// !$*UTF8*$!
{
	archiveVersion = 1;
	classes = {
	};
	objectVersion = 46;
	objects = {

/* Begin PBXBuildFile section */
		725A1FC29F56789790F93841 /* Pods_KABlurTransition.framework in Frameworks */ = {isa = PBXBuildFile; fileRef = 8FEBE5690E897DDED4ADBB73 /* Pods_KABlurTransition.framework */; };
		D1CF7C6D1DB4D7AA0080D2F5 /* main.m in Sources */ = {isa = PBXBuildFile; fileRef = D1CF7C6C1DB4D7AA0080D2F5 /* main.m */; };
		D1CF7C701DB4D7AA0080D2F5 /* AppDelegate.m in Sources */ = {isa = PBXBuildFile; fileRef = D1CF7C6F1DB4D7AA0080D2F5 /* AppDelegate.m */; };
		D1CF7C731DB4D7AA0080D2F5 /* ViewController.m in Sources */ = {isa = PBXBuildFile; fileRef = D1CF7C721DB4D7AA0080D2F5 /* ViewController.m */; };
		D1CF7C761DB4D7AA0080D2F5 /* Main.storyboard in Resources */ = {isa = PBXBuildFile; fileRef = D1CF7C741DB4D7AA0080D2F5 /* Main.storyboard */; };
		D1CF7C781DB4D7AA0080D2F5 /* Assets.xcassets in Resources */ = {isa = PBXBuildFile; fileRef = D1CF7C771DB4D7AA0080D2F5 /* Assets.xcassets */; };
		D1CF7C7B1DB4D7AA0080D2F5 /* LaunchScreen.storyboard in Resources */ = {isa = PBXBuildFile; fileRef = D1CF7C791DB4D7AA0080D2F5 /* LaunchScreen.storyboard */; };
/* End PBXBuildFile section */

/* Begin PBXFileReference section */
		028B3371A0AAEF2C7BDBA0DB /* Pods-KABlurTransition.release.xcconfig */ = {isa = PBXFileReference; includeInIndex = 1; lastKnownFileType = text.xcconfig; name = "Pods-KABlurTransition.release.xcconfig"; path = "Pods/Target Support Files/Pods-KABlurTransition/Pods-KABlurTransition.release.xcconfig"; sourceTree = "<group>"; };
		23196FADFA6F385FC585BF4C /* Pods-KABlurTransition.debug.xcconfig */ = {isa = PBXFileReference; includeInIndex = 1; lastKnownFileType = text.xcconfig; name = "Pods-KABlurTransition.debug.xcconfig"; path = "Pods/Target Support Files/Pods-KABlurTransition/Pods-KABlurTransition.debug.xcconfig"; sourceTree = "<group>"; };
		8FEBE5690E897DDED4ADBB73 /* Pods_KABlurTransition.framework */ = {isa = PBXFileReference; explicitFileType = wrapper.framework; includeInIndex = 0; path = Pods_KABlurTransition.framework; sourceTree = BUILT_PRODUCTS_DIR; };
		D1CF7C681DB4D7AA0080D2F5 /* KABlurTransition.app */ = {isa = PBXFileReference; explicitFileType = wrapper.application; includeInIndex = 0; path = KABlurTransition.app; sourceTree = BUILT_PRODUCTS_DIR; };
		D1CF7C6C1DB4D7AA0080D2F5 /* main.m */ = {isa = PBXFileReference; lastKnownFileType = sourcecode.c.objc; path = main.m; sourceTree = "<group>"; };
		D1CF7C6E1DB4D7AA0080D2F5 /* AppDelegate.h */ = {isa = PBXFileReference; lastKnownFileType = sourcecode.c.h; path = AppDelegate.h; sourceTree = "<group>"; };
		D1CF7C6F1DB4D7AA0080D2F5 /* AppDelegate.m */ = {isa = PBXFileReference; lastKnownFileType = sourcecode.c.objc; path = AppDelegate.m; sourceTree = "<group>"; };
		D1CF7C711DB4D7AA0080D2F5 /* ViewController.h */ = {isa = PBXFileReference; lastKnownFileType = sourcecode.c.h; path = ViewController.h; sourceTree = "<group>"; };
		D1CF7C721DB4D7AA0080D2F5 /* ViewController.m */ = {isa = PBXFileReference; lastKnownFileType = sourcecode.c.objc; path = ViewController.m; sourceTree = "<group>"; };
		D1CF7C751DB4D7AA0080D2F5 /* Base */ = {isa = PBXFileReference; lastKnownFileType = file.storyboard; name = Base; path = Base.lproj/Main.storyboard; sourceTree = "<group>"; };
		D1CF7C771DB4D7AA0080D2F5 /* Assets.xcassets */ = {isa = PBXFileReference; lastKnownFileType = folder.assetcatalog; path = Assets.xcassets; sourceTree = "<group>"; };
		D1CF7C7A1DB4D7AA0080D2F5 /* Base */ = {isa = PBXFileReference; lastKnownFileType = file.storyboard; name = Base; path = Base.lproj/LaunchScreen.storyboard; sourceTree = "<group>"; };
		D1CF7C7C1DB4D7AA0080D2F5 /* Info.plist */ = {isa = PBXFileReference; lastKnownFileType = text.plist.xml; path = Info.plist; sourceTree = "<group>"; };
/* End PBXFileReference section */

/* Begin PBXFrameworksBuildPhase section */
		D1CF7C651DB4D7AA0080D2F5 /* Frameworks */ = {
			isa = PBXFrameworksBuildPhase;
			buildActionMask = 2147483647;
			files = (
				725A1FC29F56789790F93841 /* Pods_KABlurTransition.framework in Frameworks */,
			);
			runOnlyForDeploymentPostprocessing = 0;
		};
/* End PBXFrameworksBuildPhase section */

/* Begin PBXGroup section */
		12975A41A0390E1FFF4FD5CF /* Frameworks */ = {
			isa = PBXGroup;
			children = (
				8FEBE5690E897DDED4ADBB73 /* Pods_KABlurTransition.framework */,
			);
			name = Frameworks;
			sourceTree = "<group>";
		};
		D1CF7C5F1DB4D7AA0080D2F5 = {
			isa = PBXGroup;
			children = (
				D1CF7C6A1DB4D7AA0080D2F5 /* KABlurTransition */,
				D1CF7C691DB4D7AA0080D2F5 /* Products */,
				F18B4701BFF009DAADD434AB /* Pods */,
				12975A41A0390E1FFF4FD5CF /* Frameworks */,
			);
			sourceTree = "<group>";
		};
		D1CF7C691DB4D7AA0080D2F5 /* Products */ = {
			isa = PBXGroup;
			children = (
				D1CF7C681DB4D7AA0080D2F5 /* KABlurTransition.app */,
			);
			name = Products;
			sourceTree = "<group>";
		};
		D1CF7C6A1DB4D7AA0080D2F5 /* KABlurTransition */ = {
			isa = PBXGroup;
			children = (
				D1CF7C6E1DB4D7AA0080D2F5 /* AppDelegate.h */,
				D1CF7C6F1DB4D7AA0080D2F5 /* AppDelegate.m */,
				D1CF7C711DB4D7AA0080D2F5 /* ViewController.h */,
				D1CF7C721DB4D7AA0080D2F5 /* ViewController.m */,
				D1CF7C741DB4D7AA0080D2F5 /* Main.storyboard */,
				D1CF7C771DB4D7AA0080D2F5 /* Assets.xcassets */,
				D1CF7C791DB4D7AA0080D2F5 /* LaunchScreen.storyboard */,
				D1CF7C7C1DB4D7AA0080D2F5 /* Info.plist */,
				D1CF7C6B1DB4D7AA0080D2F5 /* Supporting Files */,
			);
			path = KABlurTransition;
			sourceTree = "<group>";
		};
		D1CF7C6B1DB4D7AA0080D2F5 /* Supporting Files */ = {
			isa = PBXGroup;
			children = (
				D1CF7C6C1DB4D7AA0080D2F5 /* main.m */,
			);
			name = "Supporting Files";
			sourceTree = "<group>";
		};
		F18B4701BFF009DAADD434AB /* Pods */ = {
			isa = PBXGroup;
			children = (
				23196FADFA6F385FC585BF4C /* Pods-KABlurTransition.debug.xcconfig */,
				028B3371A0AAEF2C7BDBA0DB /* Pods-KABlurTransition.release.xcconfig */,
			);
			name = Pods;
			sourceTree = "<group>";
		};
/* End PBXGroup section */

/* Begin PBXNativeTarget section */
		D1CF7C671DB4D7AA0080D2F5 /* KABlurTransition */ = {
			isa = PBXNativeTarget;
			buildConfigurationList = D1CF7C7F1DB4D7AA0080D2F5 /* Build configuration list for PBXNativeTarget "KABlurTransition" */;
			buildPhases = (
				77BB54F8AD4DA8B5CECFD617 /* [CP] Check Pods Manifest.lock */,
				D1CF7C641DB4D7AA0080D2F5 /* Sources */,
				D1CF7C651DB4D7AA0080D2F5 /* Frameworks */,
				D1CF7C661DB4D7AA0080D2F5 /* Resources */,
				D7970B77B06236D18DD7E5A7 /* [CP] Embed Pods Frameworks */,
				A76F5F0CED2B773BCB6FF744 /* [CP] Copy Pods Resources */,
			);
			buildRules = (
			);
			dependencies = (
			);
			name = KABlurTransition;
			productName = KABlurTransition;
			productReference = D1CF7C681DB4D7AA0080D2F5 /* KABlurTransition.app */;
			productType = "com.apple.product-type.application";
		};
/* End PBXNativeTarget section */

/* Begin PBXProject section */
		D1CF7C601DB4D7AA0080D2F5 /* Project object */ = {
			isa = PBXProject;
			attributes = {
				LastUpgradeCheck = 0800;
				ORGANIZATIONNAME = "Alex Hung";
				TargetAttributes = {
					D1CF7C671DB4D7AA0080D2F5 = {
						CreatedOnToolsVersion = 8.0;
						DevelopmentTeam = 9J742WXAEZ;
						ProvisioningStyle = Automatic;
					};
				};
			};
			buildConfigurationList = D1CF7C631DB4D7AA0080D2F5 /* Build configuration list for PBXProject "KABlurTransition" */;
			compatibilityVersion = "Xcode 3.2";
			developmentRegion = English;
			hasScannedForEncodings = 0;
			knownRegions = (
				en,
				Base,
			);
			mainGroup = D1CF7C5F1DB4D7AA0080D2F5;
			productRefGroup = D1CF7C691DB4D7AA0080D2F5 /* Products */;
			projectDirPath = "";
			projectRoot = "";
			targets = (
				D1CF7C671DB4D7AA0080D2F5 /* KABlurTransition */,
			);
		};
/* End PBXProject section */

/* Begin PBXResourcesBuildPhase section */
		D1CF7C661DB4D7AA0080D2F5 /* Resources */ = {
			isa = PBXResourcesBuildPhase;
			buildActionMask = 2147483647;
			files = (
				D1CF7C7B1DB4D7AA0080D2F5 /* LaunchScreen.storyboard in Resources */,
				D1CF7C781DB4D7AA0080D2F5 /* Assets.xcassets in Resources */,
				D1CF7C761DB4D7AA0080D2F5 /* Main.storyboard in Resources */,
			);
			runOnlyForDeploymentPostprocessing = 0;
		};
/* End PBXResourcesBuildPhase section */

/* Begin PBXShellScriptBuildPhase section */
		77BB54F8AD4DA8B5CECFD617 /* [CP] Check Pods Manifest.lock */ = {
			isa = PBXShellScriptBuildPhase;
			buildActionMask = 2147483647;
			files = (
			);
			inputPaths = (
			);
			name = "[CP] Check Pods Manifest.lock";
			outputPaths = (
			);
			runOnlyForDeploymentPostprocessing = 0;
			shellPath = /bin/sh;
			shellScript = "diff \"${PODS_ROOT}/../Podfile.lock\" \"${PODS_ROOT}/Manifest.lock\" > /dev/null\nif [ $? != 0 ] ; then\n    # print error to STDERR\n    echo \"error: The sandbox is not in sync with the Podfile.lock. Run 'pod install' or update your CocoaPods installation.\" >&2\n    exit 1\nfi\n";
			showEnvVarsInLog = 0;
		};
		A76F5F0CED2B773BCB6FF744 /* [CP] Copy Pods Resources */ = {
			isa = PBXShellScriptBuildPhase;
			buildActionMask = 2147483647;
			files = (
			);
			inputPaths = (
			);
			name = "[CP] Copy Pods Resources";
			outputPaths = (
			);
			runOnlyForDeploymentPostprocessing = 0;
			shellPath = /bin/sh;
			shellScript = "\"${SRCROOT}/Pods/Target Support Files/Pods-KABlurTransition/Pods-KABlurTransition-resources.sh\"\n";
			showEnvVarsInLog = 0;
		};
		D7970B77B06236D18DD7E5A7 /* [CP] Embed Pods Frameworks */ = {
			isa = PBXShellScriptBuildPhase;
			buildActionMask = 2147483647;
			files = (
			);
			inputPaths = (
			);
			name = "[CP] Embed Pods Frameworks";
			outputPaths = (
			);
			runOnlyForDeploymentPostprocessing = 0;
			shellPath = /bin/sh;
			shellScript = "\"${SRCROOT}/Pods/Target Support Files/Pods-KABlurTransition/Pods-KABlurTransition-frameworks.sh\"\n";
			showEnvVarsInLog = 0;
		};
/* End PBXShellScriptBuildPhase section */

/* Begin PBXSourcesBuildPhase section */
		D1CF7C641DB4D7AA0080D2F5 /* Sources */ = {
			isa = PBXSourcesBuildPhase;
			buildActionMask = 2147483647;
			files = (
				D1CF7C731DB4D7AA0080D2F5 /* ViewController.m in Sources */,
				D1CF7C701DB4D7AA0080D2F5 /* AppDelegate.m in Sources */,
				D1CF7C6D1DB4D7AA0080D2F5 /* main.m in Sources */,
			);
			runOnlyForDeploymentPostprocessing = 0;
		};
/* End PBXSourcesBuildPhase section */

/* Begin PBXVariantGroup section */
		D1CF7C741DB4D7AA0080D2F5 /* Main.storyboard */ = {
			isa = PBXVariantGroup;
			children = (
				D1CF7C751DB4D7AA0080D2F5 /* Base */,
			);
			name = Main.storyboard;
			sourceTree = "<group>";
		};
		D1CF7C791DB4D7AA0080D2F5 /* LaunchScreen.storyboard */ = {
			isa = PBXVariantGroup;
			children = (
				D1CF7C7A1DB4D7AA0080D2F5 /* Base */,
			);
			name = LaunchScreen.storyboard;
			sourceTree = "<group>";
		};
/* End PBXVariantGroup section */

/* Begin XCBuildConfiguration section */
		D1CF7C7D1DB4D7AA0080D2F5 /* Debug */ = {
			isa = XCBuildConfiguration;
			buildSettings = {
				ALWAYS_SEARCH_USER_PATHS = NO;
				CLANG_ANALYZER_NONNULL = YES;
				CLANG_CXX_LANGUAGE_STANDARD = "gnu++0x";
				CLANG_CXX_LIBRARY = "libc++";
				CLANG_ENABLE_MODULES = YES;
				CLANG_ENABLE_OBJC_ARC = YES;
				CLANG_WARN_BOOL_CONVERSION = YES;
				CLANG_WARN_CONSTANT_CONVERSION = YES;
				CLANG_WARN_DIRECT_OBJC_ISA_USAGE = YES_ERROR;
				CLANG_WARN_DOCUMENTATION_COMMENTS = YES;
				CLANG_WARN_EMPTY_BODY = YES;
				CLANG_WARN_ENUM_CONVERSION = YES;
				CLANG_WARN_INFINITE_RECURSION = YES;
				CLANG_WARN_INT_CONVERSION = YES;
				CLANG_WARN_OBJC_ROOT_CLASS = YES_ERROR;
				CLANG_WARN_SUSPICIOUS_MOVES = YES;
				CLANG_WARN_UNREACHABLE_CODE = YES;
				CLANG_WARN__DUPLICATE_METHOD_MATCH = YES;
				"CODE_SIGN_IDENTITY[sdk=iphoneos*]" = "iPhone Developer";
				COPY_PHASE_STRIP = NO;
				DEBUG_INFORMATION_FORMAT = dwarf;
				ENABLE_STRICT_OBJC_MSGSEND = YES;
				ENABLE_TESTABILITY = YES;
				GCC_C_LANGUAGE_STANDARD = gnu99;
				GCC_DYNAMIC_NO_PIC = NO;
				GCC_NO_COMMON_BLOCKS = YES;
				GCC_OPTIMIZATION_LEVEL = 0;
				GCC_PREPROCESSOR_DEFINITIONS = (
					"DEBUG=1",
					"$(inherited)",
				);
				GCC_WARN_64_TO_32_BIT_CONVERSION = YES;
				GCC_WARN_ABOUT_RETURN_TYPE = YES_ERROR;
				GCC_WARN_UNDECLARED_SELECTOR = YES;
				GCC_WARN_UNINITIALIZED_AUTOS = YES_AGGRESSIVE;
				GCC_WARN_UNUSED_FUNCTION = YES;
				GCC_WARN_UNUSED_VARIABLE = YES;
				IPHONEOS_DEPLOYMENT_TARGET = 10.0;
				MTL_ENABLE_DEBUG_INFO = YES;
				ONLY_ACTIVE_ARCH = YES;
				SDKROOT = iphoneos;
			};
			name = Debug;
		};
		D1CF7C7E1DB4D7AA0080D2F5 /* Release */ = {
			isa = XCBuildConfiguration;
			buildSettings = {
				ALWAYS_SEARCH_USER_PATHS = NO;
				CLANG_ANALYZER_NONNULL = YES;
				CLANG_CXX_LANGUAGE_STANDARD = "gnu++0x";
				CLANG_CXX_LIBRARY = "libc++";
				CLANG_ENABLE_MODULES = YES;
				CLANG_ENABLE_OBJC_ARC = YES;
				CLANG_WARN_BOOL_CONVERSION = YES;
				CLANG_WARN_CONSTANT_CONVERSION = YES;
				CLANG_WARN_DIRECT_OBJC_ISA_USAGE = YES_ERROR;
				CLANG_WARN_DOCUMENTATION_COMMENTS = YES;
				CLANG_WARN_EMPTY_BODY = YES;
				CLANG_WARN_ENUM_CONVERSION = YES;
				CLANG_WARN_INFINITE_RECURSION = YES;
				CLANG_WARN_INT_CONVERSION = YES;
				CLANG_WARN_OBJC_ROOT_CLASS = YES_ERROR;
				CLANG_WARN_SUSPICIOUS_MOVES = YES;
				CLANG_WARN_UNREACHABLE_CODE = YES;
				CLANG_WARN__DUPLICATE_METHOD_MATCH = YES;
				"CODE_SIGN_IDENTITY[sdk=iphoneos*]" = "iPhone Developer";
				COPY_PHASE_STRIP = NO;
				DEBUG_INFORMATION_FORMAT = "dwarf-with-dsym";
				ENABLE_NS_ASSERTIONS = NO;
				ENABLE_STRICT_OBJC_MSGSEND = YES;
				GCC_C_LANGUAGE_STANDARD = gnu99;
				GCC_NO_COMMON_BLOCKS = YES;
				GCC_WARN_64_TO_32_BIT_CONVERSION = YES;
				GCC_WARN_ABOUT_RETURN_TYPE = YES_ERROR;
				GCC_WARN_UNDECLARED_SELECTOR = YES;
				GCC_WARN_UNINITIALIZED_AUTOS = YES_AGGRESSIVE;
				GCC_WARN_UNUSED_FUNCTION = YES;
				GCC_WARN_UNUSED_VARIABLE = YES;
				IPHONEOS_DEPLOYMENT_TARGET = 10.0;
				MTL_ENABLE_DEBUG_INFO = NO;
				SDKROOT = iphoneos;
				VALIDATE_PRODUCT = YES;
			};
			name = Release;
		};
		D1CF7C801DB4D7AA0080D2F5 /* Debug */ = {
			isa = XCBuildConfiguration;
			baseConfigurationReference = 23196FADFA6F385FC585BF4C /* Pods-KABlurTransition.debug.xcconfig */;
			buildSettings = {
				ASSETCATALOG_COMPILER_APPICON_NAME = AppIcon;
				DEVELOPMENT_TEAM = 9J742WXAEZ;
				INFOPLIST_FILE = KABlurTransition/Info.plist;
				LD_RUNPATH_SEARCH_PATHS = "$(inherited) @executable_path/Frameworks";
				PRODUCT_BUNDLE_IDENTIFIER = com.n7.app.KABlurTransition;
				PRODUCT_NAME = "$(TARGET_NAME)";
			};
			name = Debug;
		};
		D1CF7C811DB4D7AA0080D2F5 /* Release */ = {
			isa = XCBuildConfiguration;
			baseConfigurationReference = 028B3371A0AAEF2C7BDBA0DB /* Pods-KABlurTransition.release.xcconfig */;
			buildSettings = {
				ASSETCATALOG_COMPILER_APPICON_NAME = AppIcon;
				DEVELOPMENT_TEAM = 9J742WXAEZ;
				INFOPLIST_FILE = KABlurTransition/Info.plist;
				LD_RUNPATH_SEARCH_PATHS = "$(inherited) @executable_path/Frameworks";
				PRODUCT_BUNDLE_IDENTIFIER = com.n7.app.KABlurTransition;
				PRODUCT_NAME = "$(TARGET_NAME)";
			};
			name = Release;
		};
/* End XCBuildConfiguration section */

/* Begin XCConfigurationList section */
		D1CF7C631DB4D7AA0080D2F5 /* Build configuration list for PBXProject "KABlurTransition" */ = {
			isa = XCConfigurationList;
			buildConfigurations = (
				D1CF7C7D1DB4D7AA0080D2F5 /* Debug */,
				D1CF7C7E1DB4D7AA0080D2F5 /* Release */,
			);
			defaultConfigurationIsVisible = 0;
			defaultConfigurationName = Release;
		};
		D1CF7C7F1DB4D7AA0080D2F5 /* Build configuration list for PBXNativeTarget "KABlurTransition" */ = {
			isa = XCConfigurationList;
			buildConfigurations = (
				D1CF7C801DB4D7AA0080D2F5 /* Debug */,
				D1CF7C811DB4D7AA0080D2F5 /* Release */,
			);
			defaultConfigurationIsVisible = 0;
			defaultConfigurationName = Release;
		};
/* End XCConfigurationList section */
	};
	rootObject = D1CF7C601DB4D7AA0080D2F5 /* Project object */;
}
